// !$*UTF8*$!
{
	archiveVersion = 1;
	classes = {
	};
	objectVersion = 51;
	objects = {

/* Begin PBXBuildFile section */
		7264CD09B1816C458C3A13CF /* Pods_HEIR_Demo.framework in Frameworks */ = {isa = PBXBuildFile; fileRef = 80B3175918A79A745D175B86 /* Pods_HEIR_Demo.framework */; };
		867D9E1CE2C5672B8F68D71E /* Pods_HEIR_Demo_HEIR_DemoUITests.framework in Frameworks */ = {isa = PBXBuildFile; fileRef = 35274B262163B6149E9A9DC1 /* Pods_HEIR_Demo_HEIR_DemoUITests.framework */; };
		8A94AF1126BCFA4D0012BD79 /* AppDelegate.swift in Sources */ = {isa = PBXBuildFile; fileRef = 8A94AF1026BCFA4D0012BD79 /* AppDelegate.swift */; };
		8A94AF1326BCFA4D0012BD79 /* SceneDelegate.swift in Sources */ = {isa = PBXBuildFile; fileRef = 8A94AF1226BCFA4D0012BD79 /* SceneDelegate.swift */; };
		8A94AF1A26BCFA4F0012BD79 /* Assets.xcassets in Resources */ = {isa = PBXBuildFile; fileRef = 8A94AF1926BCFA4F0012BD79 /* Assets.xcassets */; };
		8A94AF1D26BCFA4F0012BD79 /* LaunchScreen.storyboard in Resources */ = {isa = PBXBuildFile; fileRef = 8A94AF1B26BCFA4F0012BD79 /* LaunchScreen.storyboard */; };
		8A94AF2826BCFA4F0012BD79 /* HEIR_DemoTests.swift in Sources */ = {isa = PBXBuildFile; fileRef = 8A94AF2726BCFA4F0012BD79 /* HEIR_DemoTests.swift */; };
		8A94AF3326BCFA4F0012BD79 /* HEIR_DemoUITests.swift in Sources */ = {isa = PBXBuildFile; fileRef = 8A94AF3226BCFA4F0012BD79 /* HEIR_DemoUITests.swift */; };
		8A94AF4226BCFBE60012BD79 /* RootCoordinator.swift in Sources */ = {isa = PBXBuildFile; fileRef = 8A94AF4126BCFBE60012BD79 /* RootCoordinator.swift */; };
		8A94AF4426BCFBEE0012BD79 /* Coordinator.swift in Sources */ = {isa = PBXBuildFile; fileRef = 8A94AF4326BCFBEE0012BD79 /* Coordinator.swift */; };
		8A94AF4726BCFC210012BD79 /* AppCoordinator.swift in Sources */ = {isa = PBXBuildFile; fileRef = 8A94AF4626BCFC210012BD79 /* AppCoordinator.swift */; };
		8A94AF4A26BCFCD30012BD79 /* AuthView.swift in Sources */ = {isa = PBXBuildFile; fileRef = 8A94AF4926BCFCD30012BD79 /* AuthView.swift */; };
		8A94AF4C26BCFCDC0012BD79 /* AuthViewModel.swift in Sources */ = {isa = PBXBuildFile; fileRef = 8A94AF4B26BCFCDC0012BD79 /* AuthViewModel.swift */; };
		8A94AF4E26BCFCE80012BD79 /* AuthViewController.swift in Sources */ = {isa = PBXBuildFile; fileRef = 8A94AF4D26BCFCE80012BD79 /* AuthViewController.swift */; };
		8A94AF5026BCFCF00012BD79 /* AuthCoordinator.swift in Sources */ = {isa = PBXBuildFile; fileRef = 8A94AF4F26BCFCF00012BD79 /* AuthCoordinator.swift */; };
		8A94AF5326BD084A0012BD79 /* Extensions.swift in Sources */ = {isa = PBXBuildFile; fileRef = 8A94AF5226BD084A0012BD79 /* Extensions.swift */; };
		8A94AF5A26BD09C90012BD79 /* SFProText-Semibold.ttf in Resources */ = {isa = PBXBuildFile; fileRef = 8A94AF5526BD09C90012BD79 /* SFProText-Semibold.ttf */; };
		8A94AF5B26BD09C90012BD79 /* SFProText-Light.ttf in Resources */ = {isa = PBXBuildFile; fileRef = 8A94AF5626BD09C90012BD79 /* SFProText-Light.ttf */; };
		8A94AF5C26BD09C90012BD79 /* SFProText-Medium.ttf in Resources */ = {isa = PBXBuildFile; fileRef = 8A94AF5726BD09C90012BD79 /* SFProText-Medium.ttf */; };
		8A94AF5D26BD09C90012BD79 /* Fonts.swift in Sources */ = {isa = PBXBuildFile; fileRef = 8A94AF5826BD09C90012BD79 /* Fonts.swift */; };
		8A94AF5E26BD09C90012BD79 /* SFProText-Regular.ttf in Resources */ = {isa = PBXBuildFile; fileRef = 8A94AF5926BD09C90012BD79 /* SFProText-Regular.ttf */; };
		8A94AF6526BD0C350012BD79 /* Pressable.swift in Sources */ = {isa = PBXBuildFile; fileRef = 8A94AF6126BD0C350012BD79 /* Pressable.swift */; };
		8A94AF6626BD0C350012BD79 /* PressScalable.swift in Sources */ = {isa = PBXBuildFile; fileRef = 8A94AF6226BD0C350012BD79 /* PressScalable.swift */; };
		8A94AF6726BD0C350012BD79 /* Components.swift in Sources */ = {isa = PBXBuildFile; fileRef = 8A94AF6326BD0C350012BD79 /* Components.swift */; };
		8A94AF6826BD0C350012BD79 /* PressHighlightable.swift in Sources */ = {isa = PBXBuildFile; fileRef = 8A94AF6426BD0C350012BD79 /* PressHighlightable.swift */; };
		8A94AF6A26BD0C550012BD79 /* ButtonComponent.swift in Sources */ = {isa = PBXBuildFile; fileRef = 8A94AF6926BD0C550012BD79 /* ButtonComponent.swift */; };
		8A94AF6C26BD0C800012BD79 /* Constants.swift in Sources */ = {isa = PBXBuildFile; fileRef = 8A94AF6B26BD0C800012BD79 /* Constants.swift */; };
		8A94AF6E26BD13F70012BD79 /* GoogleService-Info.plist in Resources */ = {isa = PBXBuildFile; fileRef = 8A94AF6D26BD13F70012BD79 /* GoogleService-Info.plist */; };
		8A94AF7126BD184D0012BD79 /* AuthService.swift in Sources */ = {isa = PBXBuildFile; fileRef = 8A94AF7026BD184D0012BD79 /* AuthService.swift */; };
		8A94AF7326BD1FEB0012BD79 /* UserService.swift in Sources */ = {isa = PBXBuildFile; fileRef = 8A94AF7226BD1FEB0012BD79 /* UserService.swift */; };
		8A94AF7626BD208A0012BD79 /* User.swift in Sources */ = {isa = PBXBuildFile; fileRef = 8A94AF7526BD208A0012BD79 /* User.swift */; };
		8A94AF7826BD21520012BD79 /* AccountType.swift in Sources */ = {isa = PBXBuildFile; fileRef = 8A94AF7726BD21520012BD79 /* AccountType.swift */; };
		8A94AF7A26BD21F40012BD79 /* DatabaseReference+toLocation.swift in Sources */ = {isa = PBXBuildFile; fileRef = 8A94AF7926BD21F40012BD79 /* DatabaseReference+toLocation.swift */; };
		8A94AF7C26BD87470012BD79 /* AppError.swift in Sources */ = {isa = PBXBuildFile; fileRef = 8A94AF7B26BD87470012BD79 /* AppError.swift */; };
		8A94AF8C26BE590C0012BD79 /* AthleteHomeView.swift in Sources */ = {isa = PBXBuildFile; fileRef = 8A94AF8826BE590C0012BD79 /* AthleteHomeView.swift */; };
		8A94AF8D26BE590C0012BD79 /* AthleteHomeCoordinator.swift in Sources */ = {isa = PBXBuildFile; fileRef = 8A94AF8926BE590C0012BD79 /* AthleteHomeCoordinator.swift */; };
		8A94AF8E26BE590C0012BD79 /* AthleteHomeViewModel.swift in Sources */ = {isa = PBXBuildFile; fileRef = 8A94AF8A26BE590C0012BD79 /* AthleteHomeViewModel.swift */; };
		8A94AF8F26BE590C0012BD79 /* AthleteHomeViewController.swift in Sources */ = {isa = PBXBuildFile; fileRef = 8A94AF8B26BE590C0012BD79 /* AthleteHomeViewController.swift */; };
		8A94AF9126BE64100012BD79 /* QuizService.swift in Sources */ = {isa = PBXBuildFile; fileRef = 8A94AF9026BE64100012BD79 /* QuizService.swift */; };
		8A94AF9326BE64D40012BD79 /* Quiz.swift in Sources */ = {isa = PBXBuildFile; fileRef = 8A94AF9226BE64D40012BD79 /* Quiz.swift */; };
		8A94AF9626BE69E90012BD79 /* QuizOverviewComponent.swift in Sources */ = {isa = PBXBuildFile; fileRef = 8A94AF9526BE69E90012BD79 /* QuizOverviewComponent.swift */; };
		92DD5E043E0FFC2FEA935447 /* Pods_HEIR_DemoTests.framework in Frameworks */ = {isa = PBXBuildFile; fileRef = ABF7547CD0016F3376427FDC /* Pods_HEIR_DemoTests.framework */; };
/* End PBXBuildFile section */

/* Begin PBXContainerItemProxy section */
		8A94AF2426BCFA4F0012BD79 /* PBXContainerItemProxy */ = {
			isa = PBXContainerItemProxy;
			containerPortal = 8A94AF0526BCFA4C0012BD79 /* Project object */;
			proxyType = 1;
			remoteGlobalIDString = 8A94AF0C26BCFA4D0012BD79;
			remoteInfo = "HEIR-Demo";
		};
		8A94AF2F26BCFA4F0012BD79 /* PBXContainerItemProxy */ = {
			isa = PBXContainerItemProxy;
			containerPortal = 8A94AF0526BCFA4C0012BD79 /* Project object */;
			proxyType = 1;
			remoteGlobalIDString = 8A94AF0C26BCFA4D0012BD79;
			remoteInfo = "HEIR-Demo";
		};
/* End PBXContainerItemProxy section */

/* Begin PBXFileReference section */
		11492D8742104BBDBB25CD82 /* Pods-HEIR-DemoTests.release.xcconfig */ = {isa = PBXFileReference; includeInIndex = 1; lastKnownFileType = text.xcconfig; name = "Pods-HEIR-DemoTests.release.xcconfig"; path = "Target Support Files/Pods-HEIR-DemoTests/Pods-HEIR-DemoTests.release.xcconfig"; sourceTree = "<group>"; };
		1CA92F635B7C4ECFCC29F10B /* Pods-HEIR-Demo.release.xcconfig */ = {isa = PBXFileReference; includeInIndex = 1; lastKnownFileType = text.xcconfig; name = "Pods-HEIR-Demo.release.xcconfig"; path = "Target Support Files/Pods-HEIR-Demo/Pods-HEIR-Demo.release.xcconfig"; sourceTree = "<group>"; };
		35274B262163B6149E9A9DC1 /* Pods_HEIR_Demo_HEIR_DemoUITests.framework */ = {isa = PBXFileReference; explicitFileType = wrapper.framework; includeInIndex = 0; path = Pods_HEIR_Demo_HEIR_DemoUITests.framework; sourceTree = BUILT_PRODUCTS_DIR; };
		51AB9C55092792E69CC40B24 /* Pods-HEIR-Demo-HEIR-DemoUITests.debug.xcconfig */ = {isa = PBXFileReference; includeInIndex = 1; lastKnownFileType = text.xcconfig; name = "Pods-HEIR-Demo-HEIR-DemoUITests.debug.xcconfig"; path = "Target Support Files/Pods-HEIR-Demo-HEIR-DemoUITests/Pods-HEIR-Demo-HEIR-DemoUITests.debug.xcconfig"; sourceTree = "<group>"; };
		5E0DEB51985A20FF9C613737 /* Pods-HEIR-Demo.debug.xcconfig */ = {isa = PBXFileReference; includeInIndex = 1; lastKnownFileType = text.xcconfig; name = "Pods-HEIR-Demo.debug.xcconfig"; path = "Target Support Files/Pods-HEIR-Demo/Pods-HEIR-Demo.debug.xcconfig"; sourceTree = "<group>"; };
		76C2B941721FDB6BDF5D8F5C /* Pods-HEIR-DemoTests.debug.xcconfig */ = {isa = PBXFileReference; includeInIndex = 1; lastKnownFileType = text.xcconfig; name = "Pods-HEIR-DemoTests.debug.xcconfig"; path = "Target Support Files/Pods-HEIR-DemoTests/Pods-HEIR-DemoTests.debug.xcconfig"; sourceTree = "<group>"; };
		80B3175918A79A745D175B86 /* Pods_HEIR_Demo.framework */ = {isa = PBXFileReference; explicitFileType = wrapper.framework; includeInIndex = 0; path = Pods_HEIR_Demo.framework; sourceTree = BUILT_PRODUCTS_DIR; };
		88D34F48AD28DDC1B83162B4 /* Pods-HEIR-Demo-HEIR-DemoUITests.release.xcconfig */ = {isa = PBXFileReference; includeInIndex = 1; lastKnownFileType = text.xcconfig; name = "Pods-HEIR-Demo-HEIR-DemoUITests.release.xcconfig"; path = "Target Support Files/Pods-HEIR-Demo-HEIR-DemoUITests/Pods-HEIR-Demo-HEIR-DemoUITests.release.xcconfig"; sourceTree = "<group>"; };
		8A94AF0D26BCFA4D0012BD79 /* HEIR-Demo.app */ = {isa = PBXFileReference; explicitFileType = wrapper.application; includeInIndex = 0; path = "HEIR-Demo.app"; sourceTree = BUILT_PRODUCTS_DIR; };
		8A94AF1026BCFA4D0012BD79 /* AppDelegate.swift */ = {isa = PBXFileReference; lastKnownFileType = sourcecode.swift; path = AppDelegate.swift; sourceTree = "<group>"; };
		8A94AF1226BCFA4D0012BD79 /* SceneDelegate.swift */ = {isa = PBXFileReference; lastKnownFileType = sourcecode.swift; path = SceneDelegate.swift; sourceTree = "<group>"; };
		8A94AF1926BCFA4F0012BD79 /* Assets.xcassets */ = {isa = PBXFileReference; lastKnownFileType = folder.assetcatalog; path = Assets.xcassets; sourceTree = "<group>"; };
		8A94AF1C26BCFA4F0012BD79 /* Base */ = {isa = PBXFileReference; lastKnownFileType = file.storyboard; name = Base; path = Base.lproj/LaunchScreen.storyboard; sourceTree = "<group>"; };
		8A94AF1E26BCFA4F0012BD79 /* Info.plist */ = {isa = PBXFileReference; lastKnownFileType = text.plist.xml; path = Info.plist; sourceTree = "<group>"; };
		8A94AF2326BCFA4F0012BD79 /* HEIR-DemoTests.xctest */ = {isa = PBXFileReference; explicitFileType = wrapper.cfbundle; includeInIndex = 0; path = "HEIR-DemoTests.xctest"; sourceTree = BUILT_PRODUCTS_DIR; };
		8A94AF2726BCFA4F0012BD79 /* HEIR_DemoTests.swift */ = {isa = PBXFileReference; lastKnownFileType = sourcecode.swift; path = HEIR_DemoTests.swift; sourceTree = "<group>"; };
		8A94AF2926BCFA4F0012BD79 /* Info.plist */ = {isa = PBXFileReference; lastKnownFileType = text.plist.xml; path = Info.plist; sourceTree = "<group>"; };
		8A94AF2E26BCFA4F0012BD79 /* HEIR-DemoUITests.xctest */ = {isa = PBXFileReference; explicitFileType = wrapper.cfbundle; includeInIndex = 0; path = "HEIR-DemoUITests.xctest"; sourceTree = BUILT_PRODUCTS_DIR; };
		8A94AF3226BCFA4F0012BD79 /* HEIR_DemoUITests.swift */ = {isa = PBXFileReference; lastKnownFileType = sourcecode.swift; path = HEIR_DemoUITests.swift; sourceTree = "<group>"; };
		8A94AF3426BCFA4F0012BD79 /* Info.plist */ = {isa = PBXFileReference; lastKnownFileType = text.plist.xml; path = Info.plist; sourceTree = "<group>"; };
		8A94AF4126BCFBE60012BD79 /* RootCoordinator.swift */ = {isa = PBXFileReference; lastKnownFileType = sourcecode.swift; path = RootCoordinator.swift; sourceTree = "<group>"; };
		8A94AF4326BCFBEE0012BD79 /* Coordinator.swift */ = {isa = PBXFileReference; lastKnownFileType = sourcecode.swift; path = Coordinator.swift; sourceTree = "<group>"; };
		8A94AF4626BCFC210012BD79 /* AppCoordinator.swift */ = {isa = PBXFileReference; lastKnownFileType = sourcecode.swift; path = AppCoordinator.swift; sourceTree = "<group>"; };
		8A94AF4926BCFCD30012BD79 /* AuthView.swift */ = {isa = PBXFileReference; lastKnownFileType = sourcecode.swift; path = AuthView.swift; sourceTree = "<group>"; };
		8A94AF4B26BCFCDC0012BD79 /* AuthViewModel.swift */ = {isa = PBXFileReference; lastKnownFileType = sourcecode.swift; path = AuthViewModel.swift; sourceTree = "<group>"; };
		8A94AF4D26BCFCE80012BD79 /* AuthViewController.swift */ = {isa = PBXFileReference; lastKnownFileType = sourcecode.swift; path = AuthViewController.swift; sourceTree = "<group>"; };
		8A94AF4F26BCFCF00012BD79 /* AuthCoordinator.swift */ = {isa = PBXFileReference; lastKnownFileType = sourcecode.swift; path = AuthCoordinator.swift; sourceTree = "<group>"; };
		8A94AF5226BD084A0012BD79 /* Extensions.swift */ = {isa = PBXFileReference; lastKnownFileType = sourcecode.swift; path = Extensions.swift; sourceTree = "<group>"; };
		8A94AF5526BD09C90012BD79 /* SFProText-Semibold.ttf */ = {isa = PBXFileReference; lastKnownFileType = file; path = "SFProText-Semibold.ttf"; sourceTree = "<group>"; };
		8A94AF5626BD09C90012BD79 /* SFProText-Light.ttf */ = {isa = PBXFileReference; lastKnownFileType = file; path = "SFProText-Light.ttf"; sourceTree = "<group>"; };
		8A94AF5726BD09C90012BD79 /* SFProText-Medium.ttf */ = {isa = PBXFileReference; lastKnownFileType = file; path = "SFProText-Medium.ttf"; sourceTree = "<group>"; };
		8A94AF5826BD09C90012BD79 /* Fonts.swift */ = {isa = PBXFileReference; fileEncoding = 4; lastKnownFileType = sourcecode.swift; path = Fonts.swift; sourceTree = "<group>"; };
		8A94AF5926BD09C90012BD79 /* SFProText-Regular.ttf */ = {isa = PBXFileReference; lastKnownFileType = file; path = "SFProText-Regular.ttf"; sourceTree = "<group>"; };
		8A94AF6126BD0C350012BD79 /* Pressable.swift */ = {isa = PBXFileReference; fileEncoding = 4; lastKnownFileType = sourcecode.swift; path = Pressable.swift; sourceTree = "<group>"; };
		8A94AF6226BD0C350012BD79 /* PressScalable.swift */ = {isa = PBXFileReference; fileEncoding = 4; lastKnownFileType = sourcecode.swift; path = PressScalable.swift; sourceTree = "<group>"; };
		8A94AF6326BD0C350012BD79 /* Components.swift */ = {isa = PBXFileReference; fileEncoding = 4; lastKnownFileType = sourcecode.swift; path = Components.swift; sourceTree = "<group>"; };
		8A94AF6426BD0C350012BD79 /* PressHighlightable.swift */ = {isa = PBXFileReference; fileEncoding = 4; lastKnownFileType = sourcecode.swift; path = PressHighlightable.swift; sourceTree = "<group>"; };
		8A94AF6926BD0C550012BD79 /* ButtonComponent.swift */ = {isa = PBXFileReference; lastKnownFileType = sourcecode.swift; path = ButtonComponent.swift; sourceTree = "<group>"; };
		8A94AF6B26BD0C800012BD79 /* Constants.swift */ = {isa = PBXFileReference; lastKnownFileType = sourcecode.swift; path = Constants.swift; sourceTree = "<group>"; };
		8A94AF6D26BD13F70012BD79 /* GoogleService-Info.plist */ = {isa = PBXFileReference; fileEncoding = 4; lastKnownFileType = text.plist.xml; path = "GoogleService-Info.plist"; sourceTree = "<group>"; };
		8A94AF7026BD184D0012BD79 /* AuthService.swift */ = {isa = PBXFileReference; lastKnownFileType = sourcecode.swift; path = AuthService.swift; sourceTree = "<group>"; };
		8A94AF7226BD1FEB0012BD79 /* UserService.swift */ = {isa = PBXFileReference; lastKnownFileType = sourcecode.swift; path = UserService.swift; sourceTree = "<group>"; };
		8A94AF7526BD208A0012BD79 /* User.swift */ = {isa = PBXFileReference; lastKnownFileType = sourcecode.swift; path = User.swift; sourceTree = "<group>"; };
		8A94AF7726BD21520012BD79 /* AccountType.swift */ = {isa = PBXFileReference; lastKnownFileType = sourcecode.swift; path = AccountType.swift; sourceTree = "<group>"; };
		8A94AF7926BD21F40012BD79 /* DatabaseReference+toLocation.swift */ = {isa = PBXFileReference; lastKnownFileType = sourcecode.swift; path = "DatabaseReference+toLocation.swift"; sourceTree = "<group>"; };
		8A94AF7B26BD87470012BD79 /* AppError.swift */ = {isa = PBXFileReference; lastKnownFileType = sourcecode.swift; path = AppError.swift; sourceTree = "<group>"; };
		8A94AF8826BE590C0012BD79 /* AthleteHomeView.swift */ = {isa = PBXFileReference; fileEncoding = 4; lastKnownFileType = sourcecode.swift; path = AthleteHomeView.swift; sourceTree = "<group>"; };
		8A94AF8926BE590C0012BD79 /* AthleteHomeCoordinator.swift */ = {isa = PBXFileReference; fileEncoding = 4; lastKnownFileType = sourcecode.swift; path = AthleteHomeCoordinator.swift; sourceTree = "<group>"; };
		8A94AF8A26BE590C0012BD79 /* AthleteHomeViewModel.swift */ = {isa = PBXFileReference; fileEncoding = 4; lastKnownFileType = sourcecode.swift; path = AthleteHomeViewModel.swift; sourceTree = "<group>"; };
		8A94AF8B26BE590C0012BD79 /* AthleteHomeViewController.swift */ = {isa = PBXFileReference; fileEncoding = 4; lastKnownFileType = sourcecode.swift; path = AthleteHomeViewController.swift; sourceTree = "<group>"; };
		8A94AF9026BE64100012BD79 /* QuizService.swift */ = {isa = PBXFileReference; lastKnownFileType = sourcecode.swift; path = QuizService.swift; sourceTree = "<group>"; };
		8A94AF9226BE64D40012BD79 /* Quiz.swift */ = {isa = PBXFileReference; lastKnownFileType = sourcecode.swift; path = Quiz.swift; sourceTree = "<group>"; };
		8A94AF9526BE69E90012BD79 /* QuizOverviewComponent.swift */ = {isa = PBXFileReference; lastKnownFileType = sourcecode.swift; path = QuizOverviewComponent.swift; sourceTree = "<group>"; };
		ABF7547CD0016F3376427FDC /* Pods_HEIR_DemoTests.framework */ = {isa = PBXFileReference; explicitFileType = wrapper.framework; includeInIndex = 0; path = Pods_HEIR_DemoTests.framework; sourceTree = BUILT_PRODUCTS_DIR; };
/* End PBXFileReference section */

/* Begin PBXFrameworksBuildPhase section */
		8A94AF0A26BCFA4D0012BD79 /* Frameworks */ = {
			isa = PBXFrameworksBuildPhase;
			buildActionMask = 2147483647;
			files = (
				7264CD09B1816C458C3A13CF /* Pods_HEIR_Demo.framework in Frameworks */,
			);
			runOnlyForDeploymentPostprocessing = 0;
		};
		8A94AF2026BCFA4F0012BD79 /* Frameworks */ = {
			isa = PBXFrameworksBuildPhase;
			buildActionMask = 2147483647;
			files = (
				92DD5E043E0FFC2FEA935447 /* Pods_HEIR_DemoTests.framework in Frameworks */,
			);
			runOnlyForDeploymentPostprocessing = 0;
		};
		8A94AF2B26BCFA4F0012BD79 /* Frameworks */ = {
			isa = PBXFrameworksBuildPhase;
			buildActionMask = 2147483647;
			files = (
				867D9E1CE2C5672B8F68D71E /* Pods_HEIR_Demo_HEIR_DemoUITests.framework in Frameworks */,
			);
			runOnlyForDeploymentPostprocessing = 0;
		};
/* End PBXFrameworksBuildPhase section */

/* Begin PBXGroup section */
		2C6C1BF8549A90F42505C24D /* Frameworks */ = {
			isa = PBXGroup;
			children = (
				80B3175918A79A745D175B86 /* Pods_HEIR_Demo.framework */,
				35274B262163B6149E9A9DC1 /* Pods_HEIR_Demo_HEIR_DemoUITests.framework */,
				ABF7547CD0016F3376427FDC /* Pods_HEIR_DemoTests.framework */,
			);
			name = Frameworks;
			sourceTree = "<group>";
		};
		3CBDE62780F67C7A34C86C61 /* Pods */ = {
			isa = PBXGroup;
			children = (
				5E0DEB51985A20FF9C613737 /* Pods-HEIR-Demo.debug.xcconfig */,
				1CA92F635B7C4ECFCC29F10B /* Pods-HEIR-Demo.release.xcconfig */,
				51AB9C55092792E69CC40B24 /* Pods-HEIR-Demo-HEIR-DemoUITests.debug.xcconfig */,
				88D34F48AD28DDC1B83162B4 /* Pods-HEIR-Demo-HEIR-DemoUITests.release.xcconfig */,
				76C2B941721FDB6BDF5D8F5C /* Pods-HEIR-DemoTests.debug.xcconfig */,
				11492D8742104BBDBB25CD82 /* Pods-HEIR-DemoTests.release.xcconfig */,
			);
			path = Pods;
			sourceTree = "<group>";
		};
		8A94AF0426BCFA4C0012BD79 = {
			isa = PBXGroup;
			children = (
				8A94AF0F26BCFA4D0012BD79 /* HEIR-Demo */,
				8A94AF2626BCFA4F0012BD79 /* HEIR-DemoTests */,
				8A94AF3126BCFA4F0012BD79 /* HEIR-DemoUITests */,
				8A94AF0E26BCFA4D0012BD79 /* Products */,
				3CBDE62780F67C7A34C86C61 /* Pods */,
				2C6C1BF8549A90F42505C24D /* Frameworks */,
			);
			sourceTree = "<group>";
		};
		8A94AF0E26BCFA4D0012BD79 /* Products */ = {
			isa = PBXGroup;
			children = (
				8A94AF0D26BCFA4D0012BD79 /* HEIR-Demo.app */,
				8A94AF2326BCFA4F0012BD79 /* HEIR-DemoTests.xctest */,
				8A94AF2E26BCFA4F0012BD79 /* HEIR-DemoUITests.xctest */,
			);
			name = Products;
			sourceTree = "<group>";
		};
		8A94AF0F26BCFA4D0012BD79 /* HEIR-Demo */ = {
			isa = PBXGroup;
			children = (
				8A94AF1026BCFA4D0012BD79 /* AppDelegate.swift */,
				8A94AF1226BCFA4D0012BD79 /* SceneDelegate.swift */,
				8A94AF5F26BD0C030012BD79 /* Components */,
				8A94AF7426BD204B0012BD79 /* Model */,
				8A94AF4026BCFBCA0012BD79 /* Coordinator */,
				8A94AF4526BCFC090012BD79 /* Scenes */,
				8A94AF6F26BD183E0012BD79 /* WebService */,
				8A94AF1926BCFA4F0012BD79 /* Assets.xcassets */,
				8A94AF1E26BCFA4F0012BD79 /* Info.plist */,
				8A94AF6D26BD13F70012BD79 /* GoogleService-Info.plist */,
			);
			path = "HEIR-Demo";
			sourceTree = "<group>";
		};
		8A94AF2626BCFA4F0012BD79 /* HEIR-DemoTests */ = {
			isa = PBXGroup;
			children = (
				8A94AF2726BCFA4F0012BD79 /* HEIR_DemoTests.swift */,
				8A94AF2926BCFA4F0012BD79 /* Info.plist */,
			);
			path = "HEIR-DemoTests";
			sourceTree = "<group>";
		};
		8A94AF3126BCFA4F0012BD79 /* HEIR-DemoUITests */ = {
			isa = PBXGroup;
			children = (
				8A94AF3226BCFA4F0012BD79 /* HEIR_DemoUITests.swift */,
				8A94AF3426BCFA4F0012BD79 /* Info.plist */,
			);
			path = "HEIR-DemoUITests";
			sourceTree = "<group>";
		};
		8A94AF4026BCFBCA0012BD79 /* Coordinator */ = {
			isa = PBXGroup;
			children = (
				8A94AF4126BCFBE60012BD79 /* RootCoordinator.swift */,
				8A94AF4326BCFBEE0012BD79 /* Coordinator.swift */,
			);
			path = Coordinator;
			sourceTree = "<group>";
		};
		8A94AF4526BCFC090012BD79 /* Scenes */ = {
			isa = PBXGroup;
			children = (
				8A94AF1B26BCFA4F0012BD79 /* LaunchScreen.storyboard */,
				8A94AF4626BCFC210012BD79 /* AppCoordinator.swift */,
				8A94AF4826BCFCBC0012BD79 /* Auth */,
				8A94AF8326BE58910012BD79 /* Athlete Portal */,
				8A94AF8426BE589E0012BD79 /* Fan Portal */,
				8A94AF5126BD08410012BD79 /* Utilities */,
			);
			path = Scenes;
			sourceTree = "<group>";
		};
		8A94AF4826BCFCBC0012BD79 /* Auth */ = {
			isa = PBXGroup;
			children = (
				8A94AF4F26BCFCF00012BD79 /* AuthCoordinator.swift */,
				8A94AF4D26BCFCE80012BD79 /* AuthViewController.swift */,
				8A94AF4B26BCFCDC0012BD79 /* AuthViewModel.swift */,
				8A94AF4926BCFCD30012BD79 /* AuthView.swift */,
			);
			path = Auth;
			sourceTree = "<group>";
		};
		8A94AF5126BD08410012BD79 /* Utilities */ = {
			isa = PBXGroup;
			children = (
				8A94AF5426BD09B40012BD79 /* Fonts */,
				8A94AF5226BD084A0012BD79 /* Extensions.swift */,
				8A94AF6B26BD0C800012BD79 /* Constants.swift */,
			);
			path = Utilities;
			sourceTree = "<group>";
		};
		8A94AF5426BD09B40012BD79 /* Fonts */ = {
			isa = PBXGroup;
			children = (
				8A94AF5826BD09C90012BD79 /* Fonts.swift */,
				8A94AF5626BD09C90012BD79 /* SFProText-Light.ttf */,
				8A94AF5726BD09C90012BD79 /* SFProText-Medium.ttf */,
				8A94AF5926BD09C90012BD79 /* SFProText-Regular.ttf */,
				8A94AF5526BD09C90012BD79 /* SFProText-Semibold.ttf */,
			);
			path = Fonts;
			sourceTree = "<group>";
		};
		8A94AF5F26BD0C030012BD79 /* Components */ = {
			isa = PBXGroup;
			children = (
				8A94AF6026BD0C210012BD79 /* Protocols */,
				8A94AF6926BD0C550012BD79 /* ButtonComponent.swift */,
				8A94AF9426BE69C60012BD79 /* Quiz */,
			);
			path = Components;
			sourceTree = "<group>";
		};
		8A94AF6026BD0C210012BD79 /* Protocols */ = {
			isa = PBXGroup;
			children = (
				8A94AF6326BD0C350012BD79 /* Components.swift */,
				8A94AF6126BD0C350012BD79 /* Pressable.swift */,
				8A94AF6426BD0C350012BD79 /* PressHighlightable.swift */,
				8A94AF6226BD0C350012BD79 /* PressScalable.swift */,
			);
			path = Protocols;
			sourceTree = "<group>";
		};
		8A94AF6F26BD183E0012BD79 /* WebService */ = {
			isa = PBXGroup;
			children = (
				8A94AF7026BD184D0012BD79 /* AuthService.swift */,
				8A94AF7226BD1FEB0012BD79 /* UserService.swift */,
				8A94AF9026BE64100012BD79 /* QuizService.swift */,
				8A94AF7926BD21F40012BD79 /* DatabaseReference+toLocation.swift */,
			);
			path = WebService;
			sourceTree = "<group>";
		};
		8A94AF7426BD204B0012BD79 /* Model */ = {
			isa = PBXGroup;
			children = (
				8A94AF7726BD21520012BD79 /* AccountType.swift */,
				8A94AF7526BD208A0012BD79 /* User.swift */,
				8A94AF9226BE64D40012BD79 /* Quiz.swift */,
				8A94AF7B26BD87470012BD79 /* AppError.swift */,
			);
			path = Model;
			sourceTree = "<group>";
		};
		8A94AF8326BE58910012BD79 /* Athlete Portal */ = {
			isa = PBXGroup;
			children = (
				8A94AF8626BE58C90012BD79 /* Athlete Home */,
			);
			path = "Athlete Portal";
			sourceTree = "<group>";
		};
		8A94AF8426BE589E0012BD79 /* Fan Portal */ = {
			isa = PBXGroup;
			children = (
				8A94AF8726BE58D40012BD79 /* Fan Home */,
			);
			path = "Fan Portal";
			sourceTree = "<group>";
		};
		8A94AF8626BE58C90012BD79 /* Athlete Home */ = {
			isa = PBXGroup;
			children = (
				8A94AF8926BE590C0012BD79 /* AthleteHomeCoordinator.swift */,
				8A94AF8826BE590C0012BD79 /* AthleteHomeView.swift */,
				8A94AF8B26BE590C0012BD79 /* AthleteHomeViewController.swift */,
				8A94AF8A26BE590C0012BD79 /* AthleteHomeViewModel.swift */,
			);
			path = "Athlete Home";
			sourceTree = "<group>";
		};
		8A94AF8726BE58D40012BD79 /* Fan Home */ = {
			isa = PBXGroup;
			children = (
			);
			path = "Fan Home";
			sourceTree = "<group>";
		};
		8A94AF9426BE69C60012BD79 /* Quiz */ = {
			isa = PBXGroup;
			children = (
				8A94AF9526BE69E90012BD79 /* QuizOverviewComponent.swift */,
			);
			path = Quiz;
			sourceTree = "<group>";
		};
/* End PBXGroup section */

/* Begin PBXNativeTarget section */
		8A94AF0C26BCFA4D0012BD79 /* HEIR-Demo */ = {
			isa = PBXNativeTarget;
			buildConfigurationList = 8A94AF3726BCFA4F0012BD79 /* Build configuration list for PBXNativeTarget "HEIR-Demo" */;
			buildPhases = (
				CD3A556671B58FD10CBD812E /* [CP] Check Pods Manifest.lock */,
				8A94AF0926BCFA4D0012BD79 /* Sources */,
				8A94AF0A26BCFA4D0012BD79 /* Frameworks */,
				8A94AF0B26BCFA4D0012BD79 /* Resources */,
				EECD3C74813A25ED868F3FC7 /* [CP] Embed Pods Frameworks */,
			);
			buildRules = (
			);
			dependencies = (
			);
			name = "HEIR-Demo";
			productName = "HEIR-Demo";
			productReference = 8A94AF0D26BCFA4D0012BD79 /* HEIR-Demo.app */;
			productType = "com.apple.product-type.application";
		};
		8A94AF2226BCFA4F0012BD79 /* HEIR-DemoTests */ = {
			isa = PBXNativeTarget;
			buildConfigurationList = 8A94AF3A26BCFA4F0012BD79 /* Build configuration list for PBXNativeTarget "HEIR-DemoTests" */;
			buildPhases = (
				F24F1F6AF8EC5B11359919CB /* [CP] Check Pods Manifest.lock */,
				8A94AF1F26BCFA4F0012BD79 /* Sources */,
				8A94AF2026BCFA4F0012BD79 /* Frameworks */,
				8A94AF2126BCFA4F0012BD79 /* Resources */,
			);
			buildRules = (
			);
			dependencies = (
				8A94AF2526BCFA4F0012BD79 /* PBXTargetDependency */,
			);
			name = "HEIR-DemoTests";
			productName = "HEIR-DemoTests";
			productReference = 8A94AF2326BCFA4F0012BD79 /* HEIR-DemoTests.xctest */;
			productType = "com.apple.product-type.bundle.unit-test";
		};
		8A94AF2D26BCFA4F0012BD79 /* HEIR-DemoUITests */ = {
			isa = PBXNativeTarget;
			buildConfigurationList = 8A94AF3D26BCFA4F0012BD79 /* Build configuration list for PBXNativeTarget "HEIR-DemoUITests" */;
			buildPhases = (
				6CD7AC9E0AC34D6FD49E7A47 /* [CP] Check Pods Manifest.lock */,
				8A94AF2A26BCFA4F0012BD79 /* Sources */,
				8A94AF2B26BCFA4F0012BD79 /* Frameworks */,
				8A94AF2C26BCFA4F0012BD79 /* Resources */,
				302CE3D997EA1D8A647E880A /* [CP] Embed Pods Frameworks */,
			);
			buildRules = (
			);
			dependencies = (
				8A94AF3026BCFA4F0012BD79 /* PBXTargetDependency */,
			);
			name = "HEIR-DemoUITests";
			productName = "HEIR-DemoUITests";
			productReference = 8A94AF2E26BCFA4F0012BD79 /* HEIR-DemoUITests.xctest */;
			productType = "com.apple.product-type.bundle.ui-testing";
		};
/* End PBXNativeTarget section */

/* Begin PBXProject section */
		8A94AF0526BCFA4C0012BD79 /* Project object */ = {
			isa = PBXProject;
			attributes = {
				LastSwiftUpdateCheck = 1250;
				LastUpgradeCheck = 1250;
				TargetAttributes = {
					8A94AF0C26BCFA4D0012BD79 = {
						CreatedOnToolsVersion = 12.5.1;
					};
					8A94AF2226BCFA4F0012BD79 = {
						CreatedOnToolsVersion = 12.5.1;
						TestTargetID = 8A94AF0C26BCFA4D0012BD79;
					};
					8A94AF2D26BCFA4F0012BD79 = {
						CreatedOnToolsVersion = 12.5.1;
						TestTargetID = 8A94AF0C26BCFA4D0012BD79;
					};
				};
			};
			buildConfigurationList = 8A94AF0826BCFA4C0012BD79 /* Build configuration list for PBXProject "HEIR-Demo" */;
			compatibilityVersion = "Xcode 9.3";
			developmentRegion = en;
			hasScannedForEncodings = 0;
			knownRegions = (
				en,
				Base,
			);
			mainGroup = 8A94AF0426BCFA4C0012BD79;
			productRefGroup = 8A94AF0E26BCFA4D0012BD79 /* Products */;
			projectDirPath = "";
			projectRoot = "";
			targets = (
				8A94AF0C26BCFA4D0012BD79 /* HEIR-Demo */,
				8A94AF2226BCFA4F0012BD79 /* HEIR-DemoTests */,
				8A94AF2D26BCFA4F0012BD79 /* HEIR-DemoUITests */,
			);
		};
/* End PBXProject section */

/* Begin PBXResourcesBuildPhase section */
		8A94AF0B26BCFA4D0012BD79 /* Resources */ = {
			isa = PBXResourcesBuildPhase;
			buildActionMask = 2147483647;
			files = (
				8A94AF1D26BCFA4F0012BD79 /* LaunchScreen.storyboard in Resources */,
				8A94AF5E26BD09C90012BD79 /* SFProText-Regular.ttf in Resources */,
				8A94AF1A26BCFA4F0012BD79 /* Assets.xcassets in Resources */,
				8A94AF5A26BD09C90012BD79 /* SFProText-Semibold.ttf in Resources */,
				8A94AF5B26BD09C90012BD79 /* SFProText-Light.ttf in Resources */,
				8A94AF5C26BD09C90012BD79 /* SFProText-Medium.ttf in Resources */,
				8A94AF6E26BD13F70012BD79 /* GoogleService-Info.plist in Resources */,
			);
			runOnlyForDeploymentPostprocessing = 0;
		};
		8A94AF2126BCFA4F0012BD79 /* Resources */ = {
			isa = PBXResourcesBuildPhase;
			buildActionMask = 2147483647;
			files = (
			);
			runOnlyForDeploymentPostprocessing = 0;
		};
		8A94AF2C26BCFA4F0012BD79 /* Resources */ = {
			isa = PBXResourcesBuildPhase;
			buildActionMask = 2147483647;
			files = (
			);
			runOnlyForDeploymentPostprocessing = 0;
		};
/* End PBXResourcesBuildPhase section */

/* Begin PBXShellScriptBuildPhase section */
		302CE3D997EA1D8A647E880A /* [CP] Embed Pods Frameworks */ = {
			isa = PBXShellScriptBuildPhase;
			buildActionMask = 2147483647;
			files = (
			);
			inputFileListPaths = (
				"${PODS_ROOT}/Target Support Files/Pods-HEIR-Demo-HEIR-DemoUITests/Pods-HEIR-Demo-HEIR-DemoUITests-frameworks-${CONFIGURATION}-input-files.xcfilelist",
			);
			name = "[CP] Embed Pods Frameworks";
			outputFileListPaths = (
				"${PODS_ROOT}/Target Support Files/Pods-HEIR-Demo-HEIR-DemoUITests/Pods-HEIR-Demo-HEIR-DemoUITests-frameworks-${CONFIGURATION}-output-files.xcfilelist",
			);
			runOnlyForDeploymentPostprocessing = 0;
			shellPath = /bin/sh;
			shellScript = "\"${PODS_ROOT}/Target Support Files/Pods-HEIR-Demo-HEIR-DemoUITests/Pods-HEIR-Demo-HEIR-DemoUITests-frameworks.sh\"\n";
			showEnvVarsInLog = 0;
		};
		6CD7AC9E0AC34D6FD49E7A47 /* [CP] Check Pods Manifest.lock */ = {
			isa = PBXShellScriptBuildPhase;
			buildActionMask = 2147483647;
			files = (
			);
			inputFileListPaths = (
			);
			inputPaths = (
				"${PODS_PODFILE_DIR_PATH}/Podfile.lock",
				"${PODS_ROOT}/Manifest.lock",
			);
			name = "[CP] Check Pods Manifest.lock";
			outputFileListPaths = (
			);
			outputPaths = (
				"$(DERIVED_FILE_DIR)/Pods-HEIR-Demo-HEIR-DemoUITests-checkManifestLockResult.txt",
			);
			runOnlyForDeploymentPostprocessing = 0;
			shellPath = /bin/sh;
			shellScript = "diff \"${PODS_PODFILE_DIR_PATH}/Podfile.lock\" \"${PODS_ROOT}/Manifest.lock\" > /dev/null\nif [ $? != 0 ] ; then\n    # print error to STDERR\n    echo \"error: The sandbox is not in sync with the Podfile.lock. Run 'pod install' or update your CocoaPods installation.\" >&2\n    exit 1\nfi\n# This output is used by Xcode 'outputs' to avoid re-running this script phase.\necho \"SUCCESS\" > \"${SCRIPT_OUTPUT_FILE_0}\"\n";
			showEnvVarsInLog = 0;
		};
		CD3A556671B58FD10CBD812E /* [CP] Check Pods Manifest.lock */ = {
			isa = PBXShellScriptBuildPhase;
			buildActionMask = 2147483647;
			files = (
			);
			inputFileListPaths = (
			);
			inputPaths = (
				"${PODS_PODFILE_DIR_PATH}/Podfile.lock",
				"${PODS_ROOT}/Manifest.lock",
			);
			name = "[CP] Check Pods Manifest.lock";
			outputFileListPaths = (
			);
			outputPaths = (
				"$(DERIVED_FILE_DIR)/Pods-HEIR-Demo-checkManifestLockResult.txt",
			);
			runOnlyForDeploymentPostprocessing = 0;
			shellPath = /bin/sh;
			shellScript = "diff \"${PODS_PODFILE_DIR_PATH}/Podfile.lock\" \"${PODS_ROOT}/Manifest.lock\" > /dev/null\nif [ $? != 0 ] ; then\n    # print error to STDERR\n    echo \"error: The sandbox is not in sync with the Podfile.lock. Run 'pod install' or update your CocoaPods installation.\" >&2\n    exit 1\nfi\n# This output is used by Xcode 'outputs' to avoid re-running this script phase.\necho \"SUCCESS\" > \"${SCRIPT_OUTPUT_FILE_0}\"\n";
			showEnvVarsInLog = 0;
		};
		EECD3C74813A25ED868F3FC7 /* [CP] Embed Pods Frameworks */ = {
			isa = PBXShellScriptBuildPhase;
			buildActionMask = 2147483647;
			files = (
			);
			inputFileListPaths = (
				"${PODS_ROOT}/Target Support Files/Pods-HEIR-Demo/Pods-HEIR-Demo-frameworks-${CONFIGURATION}-input-files.xcfilelist",
			);
			name = "[CP] Embed Pods Frameworks";
			outputFileListPaths = (
				"${PODS_ROOT}/Target Support Files/Pods-HEIR-Demo/Pods-HEIR-Demo-frameworks-${CONFIGURATION}-output-files.xcfilelist",
			);
			runOnlyForDeploymentPostprocessing = 0;
			shellPath = /bin/sh;
			shellScript = "\"${PODS_ROOT}/Target Support Files/Pods-HEIR-Demo/Pods-HEIR-Demo-frameworks.sh\"\n";
			showEnvVarsInLog = 0;
		};
		F24F1F6AF8EC5B11359919CB /* [CP] Check Pods Manifest.lock */ = {
			isa = PBXShellScriptBuildPhase;
			buildActionMask = 2147483647;
			files = (
			);
			inputFileListPaths = (
			);
			inputPaths = (
				"${PODS_PODFILE_DIR_PATH}/Podfile.lock",
				"${PODS_ROOT}/Manifest.lock",
			);
			name = "[CP] Check Pods Manifest.lock";
			outputFileListPaths = (
			);
			outputPaths = (
				"$(DERIVED_FILE_DIR)/Pods-HEIR-DemoTests-checkManifestLockResult.txt",
			);
			runOnlyForDeploymentPostprocessing = 0;
			shellPath = /bin/sh;
			shellScript = "diff \"${PODS_PODFILE_DIR_PATH}/Podfile.lock\" \"${PODS_ROOT}/Manifest.lock\" > /dev/null\nif [ $? != 0 ] ; then\n    # print error to STDERR\n    echo \"error: The sandbox is not in sync with the Podfile.lock. Run 'pod install' or update your CocoaPods installation.\" >&2\n    exit 1\nfi\n# This output is used by Xcode 'outputs' to avoid re-running this script phase.\necho \"SUCCESS\" > \"${SCRIPT_OUTPUT_FILE_0}\"\n";
			showEnvVarsInLog = 0;
		};
/* End PBXShellScriptBuildPhase section */

/* Begin PBXSourcesBuildPhase section */
		8A94AF0926BCFA4D0012BD79 /* Sources */ = {
			isa = PBXSourcesBuildPhase;
			buildActionMask = 2147483647;
			files = (
				8A94AF4426BCFBEE0012BD79 /* Coordinator.swift in Sources */,
				8A94AF9626BE69E90012BD79 /* QuizOverviewComponent.swift in Sources */,
				8A94AF7826BD21520012BD79 /* AccountType.swift in Sources */,
				8A94AF6C26BD0C800012BD79 /* Constants.swift in Sources */,
				8A94AF1126BCFA4D0012BD79 /* AppDelegate.swift in Sources */,
				8A94AF7126BD184D0012BD79 /* AuthService.swift in Sources */,
				8A94AF8D26BE590C0012BD79 /* AthleteHomeCoordinator.swift in Sources */,
				8A94AF4A26BCFCD30012BD79 /* AuthView.swift in Sources */,
				8A94AF8F26BE590C0012BD79 /* AthleteHomeViewController.swift in Sources */,
				8A94AF6726BD0C350012BD79 /* Components.swift in Sources */,
				8A94AF6526BD0C350012BD79 /* Pressable.swift in Sources */,
				8A94AF4C26BCFCDC0012BD79 /* AuthViewModel.swift in Sources */,
				8A94AF7626BD208A0012BD79 /* User.swift in Sources */,
				8A94AF9326BE64D40012BD79 /* Quiz.swift in Sources */,
				8A94AF4E26BCFCE80012BD79 /* AuthViewController.swift in Sources */,
				8A94AF6826BD0C350012BD79 /* PressHighlightable.swift in Sources */,
				8A94AF5326BD084A0012BD79 /* Extensions.swift in Sources */,
				8A94AF7C26BD87470012BD79 /* AppError.swift in Sources */,
				8A94AF8C26BE590C0012BD79 /* AthleteHomeView.swift in Sources */,
				8A94AF4726BCFC210012BD79 /* AppCoordinator.swift in Sources */,
				8A94AF7A26BD21F40012BD79 /* DatabaseReference+toLocation.swift in Sources */,
				8A94AF4226BCFBE60012BD79 /* RootCoordinator.swift in Sources */,
				8A94AF7326BD1FEB0012BD79 /* UserService.swift in Sources */,
				8A94AF6626BD0C350012BD79 /* PressScalable.swift in Sources */,
				8A94AF9126BE64100012BD79 /* QuizService.swift in Sources */,
				8A94AF5D26BD09C90012BD79 /* Fonts.swift in Sources */,
				8A94AF5026BCFCF00012BD79 /* AuthCoordinator.swift in Sources */,
				8A94AF1326BCFA4D0012BD79 /* SceneDelegate.swift in Sources */,
				8A94AF8E26BE590C0012BD79 /* AthleteHomeViewModel.swift in Sources */,
				8A94AF6A26BD0C550012BD79 /* ButtonComponent.swift in Sources */,
			);
			runOnlyForDeploymentPostprocessing = 0;
		};
		8A94AF1F26BCFA4F0012BD79 /* Sources */ = {
			isa = PBXSourcesBuildPhase;
			buildActionMask = 2147483647;
			files = (
				8A94AF2826BCFA4F0012BD79 /* HEIR_DemoTests.swift in Sources */,
			);
			runOnlyForDeploymentPostprocessing = 0;
		};
		8A94AF2A26BCFA4F0012BD79 /* Sources */ = {
			isa = PBXSourcesBuildPhase;
			buildActionMask = 2147483647;
			files = (
				8A94AF3326BCFA4F0012BD79 /* HEIR_DemoUITests.swift in Sources */,
			);
			runOnlyForDeploymentPostprocessing = 0;
		};
/* End PBXSourcesBuildPhase section */

/* Begin PBXTargetDependency section */
		8A94AF2526BCFA4F0012BD79 /* PBXTargetDependency */ = {
			isa = PBXTargetDependency;
			target = 8A94AF0C26BCFA4D0012BD79 /* HEIR-Demo */;
			targetProxy = 8A94AF2426BCFA4F0012BD79 /* PBXContainerItemProxy */;
		};
		8A94AF3026BCFA4F0012BD79 /* PBXTargetDependency */ = {
			isa = PBXTargetDependency;
			target = 8A94AF0C26BCFA4D0012BD79 /* HEIR-Demo */;
			targetProxy = 8A94AF2F26BCFA4F0012BD79 /* PBXContainerItemProxy */;
		};
/* End PBXTargetDependency section */

/* Begin PBXVariantGroup section */
		8A94AF1B26BCFA4F0012BD79 /* LaunchScreen.storyboard */ = {
			isa = PBXVariantGroup;
			children = (
				8A94AF1C26BCFA4F0012BD79 /* Base */,
			);
			name = LaunchScreen.storyboard;
			sourceTree = "<group>";
		};
/* End PBXVariantGroup section */

/* Begin XCBuildConfiguration section */
		8A94AF3526BCFA4F0012BD79 /* Debug */ = {
			isa = XCBuildConfiguration;
			buildSettings = {
				ALWAYS_SEARCH_USER_PATHS = NO;
				CLANG_ANALYZER_NONNULL = YES;
				CLANG_ANALYZER_NUMBER_OBJECT_CONVERSION = YES_AGGRESSIVE;
				CLANG_CXX_LANGUAGE_STANDARD = "gnu++14";
				CLANG_CXX_LIBRARY = "libc++";
				CLANG_ENABLE_MODULES = YES;
				CLANG_ENABLE_OBJC_ARC = YES;
				CLANG_ENABLE_OBJC_WEAK = YES;
				CLANG_WARN_BLOCK_CAPTURE_AUTORELEASING = YES;
				CLANG_WARN_BOOL_CONVERSION = YES;
				CLANG_WARN_COMMA = YES;
				CLANG_WARN_CONSTANT_CONVERSION = YES;
				CLANG_WARN_DEPRECATED_OBJC_IMPLEMENTATIONS = YES;
				CLANG_WARN_DIRECT_OBJC_ISA_USAGE = YES_ERROR;
				CLANG_WARN_DOCUMENTATION_COMMENTS = YES;
				CLANG_WARN_EMPTY_BODY = YES;
				CLANG_WARN_ENUM_CONVERSION = YES;
				CLANG_WARN_INFINITE_RECURSION = YES;
				CLANG_WARN_INT_CONVERSION = YES;
				CLANG_WARN_NON_LITERAL_NULL_CONVERSION = YES;
				CLANG_WARN_OBJC_IMPLICIT_RETAIN_SELF = YES;
				CLANG_WARN_OBJC_LITERAL_CONVERSION = YES;
				CLANG_WARN_OBJC_ROOT_CLASS = YES_ERROR;
				CLANG_WARN_QUOTED_INCLUDE_IN_FRAMEWORK_HEADER = YES;
				CLANG_WARN_RANGE_LOOP_ANALYSIS = YES;
				CLANG_WARN_STRICT_PROTOTYPES = YES;
				CLANG_WARN_SUSPICIOUS_MOVE = YES;
				CLANG_WARN_UNGUARDED_AVAILABILITY = YES_AGGRESSIVE;
				CLANG_WARN_UNREACHABLE_CODE = YES;
				CLANG_WARN__DUPLICATE_METHOD_MATCH = YES;
				COPY_PHASE_STRIP = NO;
				DEBUG_INFORMATION_FORMAT = dwarf;
				ENABLE_STRICT_OBJC_MSGSEND = YES;
				ENABLE_TESTABILITY = YES;
				GCC_C_LANGUAGE_STANDARD = gnu11;
				GCC_DYNAMIC_NO_PIC = NO;
				GCC_NO_COMMON_BLOCKS = YES;
				GCC_OPTIMIZATION_LEVEL = 0;
				GCC_PREPROCESSOR_DEFINITIONS = (
					"DEBUG=1",
					"$(inherited)",
				);
				GCC_WARN_64_TO_32_BIT_CONVERSION = YES;
				GCC_WARN_ABOUT_RETURN_TYPE = YES_ERROR;
				GCC_WARN_UNDECLARED_SELECTOR = YES;
				GCC_WARN_UNINITIALIZED_AUTOS = YES_AGGRESSIVE;
				GCC_WARN_UNUSED_FUNCTION = YES;
				GCC_WARN_UNUSED_VARIABLE = YES;
				IPHONEOS_DEPLOYMENT_TARGET = 14.5;
				MTL_ENABLE_DEBUG_INFO = INCLUDE_SOURCE;
				MTL_FAST_MATH = YES;
				ONLY_ACTIVE_ARCH = YES;
				SDKROOT = iphoneos;
				SWIFT_ACTIVE_COMPILATION_CONDITIONS = DEBUG;
				SWIFT_OPTIMIZATION_LEVEL = "-Onone";
			};
			name = Debug;
		};
		8A94AF3626BCFA4F0012BD79 /* Release */ = {
			isa = XCBuildConfiguration;
			buildSettings = {
				ALWAYS_SEARCH_USER_PATHS = NO;
				CLANG_ANALYZER_NONNULL = YES;
				CLANG_ANALYZER_NUMBER_OBJECT_CONVERSION = YES_AGGRESSIVE;
				CLANG_CXX_LANGUAGE_STANDARD = "gnu++14";
				CLANG_CXX_LIBRARY = "libc++";
				CLANG_ENABLE_MODULES = YES;
				CLANG_ENABLE_OBJC_ARC = YES;
				CLANG_ENABLE_OBJC_WEAK = YES;
				CLANG_WARN_BLOCK_CAPTURE_AUTORELEASING = YES;
				CLANG_WARN_BOOL_CONVERSION = YES;
				CLANG_WARN_COMMA = YES;
				CLANG_WARN_CONSTANT_CONVERSION = YES;
				CLANG_WARN_DEPRECATED_OBJC_IMPLEMENTATIONS = YES;
				CLANG_WARN_DIRECT_OBJC_ISA_USAGE = YES_ERROR;
				CLANG_WARN_DOCUMENTATION_COMMENTS = YES;
				CLANG_WARN_EMPTY_BODY = YES;
				CLANG_WARN_ENUM_CONVERSION = YES;
				CLANG_WARN_INFINITE_RECURSION = YES;
				CLANG_WARN_INT_CONVERSION = YES;
				CLANG_WARN_NON_LITERAL_NULL_CONVERSION = YES;
				CLANG_WARN_OBJC_IMPLICIT_RETAIN_SELF = YES;
				CLANG_WARN_OBJC_LITERAL_CONVERSION = YES;
				CLANG_WARN_OBJC_ROOT_CLASS = YES_ERROR;
				CLANG_WARN_QUOTED_INCLUDE_IN_FRAMEWORK_HEADER = YES;
				CLANG_WARN_RANGE_LOOP_ANALYSIS = YES;
				CLANG_WARN_STRICT_PROTOTYPES = YES;
				CLANG_WARN_SUSPICIOUS_MOVE = YES;
				CLANG_WARN_UNGUARDED_AVAILABILITY = YES_AGGRESSIVE;
				CLANG_WARN_UNREACHABLE_CODE = YES;
				CLANG_WARN__DUPLICATE_METHOD_MATCH = YES;
				COPY_PHASE_STRIP = NO;
				DEBUG_INFORMATION_FORMAT = "dwarf-with-dsym";
				ENABLE_NS_ASSERTIONS = NO;
				ENABLE_STRICT_OBJC_MSGSEND = YES;
				GCC_C_LANGUAGE_STANDARD = gnu11;
				GCC_NO_COMMON_BLOCKS = YES;
				GCC_WARN_64_TO_32_BIT_CONVERSION = YES;
				GCC_WARN_ABOUT_RETURN_TYPE = YES_ERROR;
				GCC_WARN_UNDECLARED_SELECTOR = YES;
				GCC_WARN_UNINITIALIZED_AUTOS = YES_AGGRESSIVE;
				GCC_WARN_UNUSED_FUNCTION = YES;
				GCC_WARN_UNUSED_VARIABLE = YES;
				IPHONEOS_DEPLOYMENT_TARGET = 14.5;
				MTL_ENABLE_DEBUG_INFO = NO;
				MTL_FAST_MATH = YES;
				SDKROOT = iphoneos;
				SWIFT_COMPILATION_MODE = wholemodule;
				SWIFT_OPTIMIZATION_LEVEL = "-O";
				VALIDATE_PRODUCT = YES;
			};
			name = Release;
		};
		8A94AF3826BCFA4F0012BD79 /* Debug */ = {
			isa = XCBuildConfiguration;
			baseConfigurationReference = 5E0DEB51985A20FF9C613737 /* Pods-HEIR-Demo.debug.xcconfig */;
			buildSettings = {
				ASSETCATALOG_COMPILER_APPICON_NAME = AppIcon;
				ASSETCATALOG_COMPILER_GLOBAL_ACCENT_COLOR_NAME = AccentColor;
				CODE_SIGN_STYLE = Automatic;
				DEVELOPMENT_TEAM = T2CXW95TJ7;
				INFOPLIST_FILE = "HEIR-Demo/Info.plist";
				LD_RUNPATH_SEARCH_PATHS = (
					"$(inherited)",
					"@executable_path/Frameworks",
				);
				PRODUCT_BUNDLE_IDENTIFIER = "HEIR.HEIR-Demo";
				PRODUCT_NAME = "$(TARGET_NAME)";
				SWIFT_VERSION = 5.0;
				TARGETED_DEVICE_FAMILY = 1;
			};
			name = Debug;
		};
		8A94AF3926BCFA4F0012BD79 /* Release */ = {
			isa = XCBuildConfiguration;
			baseConfigurationReference = 1CA92F635B7C4ECFCC29F10B /* Pods-HEIR-Demo.release.xcconfig */;
			buildSettings = {
				ASSETCATALOG_COMPILER_APPICON_NAME = AppIcon;
				ASSETCATALOG_COMPILER_GLOBAL_ACCENT_COLOR_NAME = AccentColor;
				CODE_SIGN_STYLE = Automatic;
				DEVELOPMENT_TEAM = T2CXW95TJ7;
				INFOPLIST_FILE = "HEIR-Demo/Info.plist";
				LD_RUNPATH_SEARCH_PATHS = (
					"$(inherited)",
					"@executable_path/Frameworks",
				);
				PRODUCT_BUNDLE_IDENTIFIER = "HEIR.HEIR-Demo";
				PRODUCT_NAME = "$(TARGET_NAME)";
				SWIFT_VERSION = 5.0;
				TARGETED_DEVICE_FAMILY = 1;
			};
			name = Release;
		};
		8A94AF3B26BCFA4F0012BD79 /* Debug */ = {
			isa = XCBuildConfiguration;
			baseConfigurationReference = 76C2B941721FDB6BDF5D8F5C /* Pods-HEIR-DemoTests.debug.xcconfig */;
			buildSettings = {
				ALWAYS_EMBED_SWIFT_STANDARD_LIBRARIES = YES;
				BUNDLE_LOADER = "$(TEST_HOST)";
				CODE_SIGN_STYLE = Automatic;
				DEVELOPMENT_TEAM = T2CXW95TJ7;
				INFOPLIST_FILE = "HEIR-DemoTests/Info.plist";
				IPHONEOS_DEPLOYMENT_TARGET = 14.5;
				LD_RUNPATH_SEARCH_PATHS = (
					"$(inherited)",
					"@executable_path/Frameworks",
					"@loader_path/Frameworks",
				);
				PRODUCT_BUNDLE_IDENTIFIER = "HEIR.HEIR-DemoTests";
				PRODUCT_NAME = "$(TARGET_NAME)";
				SWIFT_VERSION = 5.0;
				TARGETED_DEVICE_FAMILY = "1,2";
				TEST_HOST = "$(BUILT_PRODUCTS_DIR)/HEIR-Demo.app/HEIR-Demo";
			};
			name = Debug;
		};
		8A94AF3C26BCFA4F0012BD79 /* Release */ = {
			isa = XCBuildConfiguration;
			baseConfigurationReference = 11492D8742104BBDBB25CD82 /* Pods-HEIR-DemoTests.release.xcconfig */;
			buildSettings = {
				ALWAYS_EMBED_SWIFT_STANDARD_LIBRARIES = YES;
				BUNDLE_LOADER = "$(TEST_HOST)";
				CODE_SIGN_STYLE = Automatic;
				DEVELOPMENT_TEAM = T2CXW95TJ7;
				INFOPLIST_FILE = "HEIR-DemoTests/Info.plist";
				IPHONEOS_DEPLOYMENT_TARGET = 14.5;
				LD_RUNPATH_SEARCH_PATHS = (
					"$(inherited)",
					"@executable_path/Frameworks",
					"@loader_path/Frameworks",
				);
				PRODUCT_BUNDLE_IDENTIFIER = "HEIR.HEIR-DemoTests";
				PRODUCT_NAME = "$(TARGET_NAME)";
				SWIFT_VERSION = 5.0;
				TARGETED_DEVICE_FAMILY = "1,2";
				TEST_HOST = "$(BUILT_PRODUCTS_DIR)/HEIR-Demo.app/HEIR-Demo";
			};
			name = Release;
		};
		8A94AF3E26BCFA4F0012BD79 /* Debug */ = {
			isa = XCBuildConfiguration;
			baseConfigurationReference = 51AB9C55092792E69CC40B24 /* Pods-HEIR-Demo-HEIR-DemoUITests.debug.xcconfig */;
			buildSettings = {
				ALWAYS_EMBED_SWIFT_STANDARD_LIBRARIES = YES;
				CODE_SIGN_STYLE = Automatic;
				DEVELOPMENT_TEAM = T2CXW95TJ7;
				INFOPLIST_FILE = "HEIR-DemoUITests/Info.plist";
				LD_RUNPATH_SEARCH_PATHS = (
					"$(inherited)",
					"@executable_path/Frameworks",
					"@loader_path/Frameworks",
				);
				PRODUCT_BUNDLE_IDENTIFIER = "HEIR.HEIR-DemoUITests";
				PRODUCT_NAME = "$(TARGET_NAME)";
				SWIFT_VERSION = 5.0;
				TARGETED_DEVICE_FAMILY = "1,2";
				TEST_TARGET_NAME = "HEIR-Demo";
			};
			name = Debug;
		};
		8A94AF3F26BCFA4F0012BD79 /* Release */ = {
			isa = XCBuildConfiguration;
			baseConfigurationReference = 88D34F48AD28DDC1B83162B4 /* Pods-HEIR-Demo-HEIR-DemoUITests.release.xcconfig */;
			buildSettings = {
				ALWAYS_EMBED_SWIFT_STANDARD_LIBRARIES = YES;
				CODE_SIGN_STYLE = Automatic;
				DEVELOPMENT_TEAM = T2CXW95TJ7;
				INFOPLIST_FILE = "HEIR-DemoUITests/Info.plist";
				LD_RUNPATH_SEARCH_PATHS = (
					"$(inherited)",
					"@executable_path/Frameworks",
					"@loader_path/Frameworks",
				);
				PRODUCT_BUNDLE_IDENTIFIER = "HEIR.HEIR-DemoUITests";
				PRODUCT_NAME = "$(TARGET_NAME)";
				SWIFT_VERSION = 5.0;
				TARGETED_DEVICE_FAMILY = "1,2";
				TEST_TARGET_NAME = "HEIR-Demo";
			};
			name = Release;
		};
/* End XCBuildConfiguration section */

/* Begin XCConfigurationList section */
		8A94AF0826BCFA4C0012BD79 /* Build configuration list for PBXProject "HEIR-Demo" */ = {
			isa = XCConfigurationList;
			buildConfigurations = (
				8A94AF3526BCFA4F0012BD79 /* Debug */,
				8A94AF3626BCFA4F0012BD79 /* Release */,
			);
			defaultConfigurationIsVisible = 0;
			defaultConfigurationName = Release;
		};
		8A94AF3726BCFA4F0012BD79 /* Build configuration list for PBXNativeTarget "HEIR-Demo" */ = {
			isa = XCConfigurationList;
			buildConfigurations = (
				8A94AF3826BCFA4F0012BD79 /* Debug */,
				8A94AF3926BCFA4F0012BD79 /* Release */,
			);
			defaultConfigurationIsVisible = 0;
			defaultConfigurationName = Release;
		};
		8A94AF3A26BCFA4F0012BD79 /* Build configuration list for PBXNativeTarget "HEIR-DemoTests" */ = {
			isa = XCConfigurationList;
			buildConfigurations = (
				8A94AF3B26BCFA4F0012BD79 /* Debug */,
				8A94AF3C26BCFA4F0012BD79 /* Release */,
			);
			defaultConfigurationIsVisible = 0;
			defaultConfigurationName = Release;
		};
		8A94AF3D26BCFA4F0012BD79 /* Build configuration list for PBXNativeTarget "HEIR-DemoUITests" */ = {
			isa = XCConfigurationList;
			buildConfigurations = (
				8A94AF3E26BCFA4F0012BD79 /* Debug */,
				8A94AF3F26BCFA4F0012BD79 /* Release */,
			);
			defaultConfigurationIsVisible = 0;
			defaultConfigurationName = Release;
		};
/* End XCConfigurationList section */
	};
	rootObject = 8A94AF0526BCFA4C0012BD79 /* Project object */;
}
